<?xml version="1.0" encoding="utf-8"?>
<Project ToolsVersion="4.0" xmlns="http://schemas.microsoft.com/developer/msbuild/2003">
  <ItemGroup>
    <Filter Include="Source Files">
      <UniqueIdentifier>{4FC737F1-C7A5-4376-A066-2A32D752A2FF}</UniqueIdentifier>
      <Extensions>cpp;c;cc;cxx;c++;def;odl;idl;hpj;bat;asm;asmx</Extensions>
    </Filter>
    <Filter Include="Header Files">
      <UniqueIdentifier>{93995380-89BD-4b04-88EB-625FBE52EBFB}</UniqueIdentifier>
      <Extensions>h;hh;hpp;hxx;h++;hm;inl;inc;ipp;xsd</Extensions>
    </Filter>
    <Filter Include="Resource Files">
      <UniqueIdentifier>{67DA6AB6-F800-4c08-8B7A-83BB121AAD01}</UniqueIdentifier>
      <Extensions>rc;ico;cur;bmp;dlg;rc2;rct;bin;rgs;gif;jpg;jpeg;jpe;resx;tiff;tif;png;wav;mfcribbon-ms</Extensions>
    </Filter>
  </ItemGroup>
  <ItemGroup>
    <ClCompile Include="core\core.cpp">
      <Filter>Source Files</Filter>
    </ClCompile>
    <ClCompile Include="sdk\util\log.cpp">
      <Filter>Source Files</Filter>
    </ClCompile>
    <ClCompile Include="fn\hooks.cpp">
      <Filter>Source Files</Filter>
    </ClCompile>
    <ClCompile Include="sdk\util\bytebuffer.cpp">
      <Filter>Source Files</Filter>
    </ClCompile>
    <ClCompile Include="core\workers.cpp">
      <Filter>Source Files</Filter>
    </ClCompile>
    <ClCompile Include="sdk\player\player.cpp">
      <Filter>Source Files</Filter>
    </ClCompile>
    <ClCompile Include="sdk\util\math.cpp">
      <Filter>Source Files</Filter>
    </ClCompile>
    <ClCompile Include="sdk\engine\funcs.cpp">
      <Filter>Source Files</Filter>
    </ClCompile>
    <ClCompile Include="lib\d3d\d3d11.cpp">
      <Filter>Source Files</Filter>
    </ClCompile>
    <ClCompile Include="sdk\rendering\render.cpp">
      <Filter>Source Files</Filter>
    </ClCompile>
    <ClCompile Include="sdk\rendering\font_wrapper\CFW1ColorRGBA.cpp">
      <Filter>Source Files</Filter>
    </ClCompile>
    <ClCompile Include="sdk\rendering\font_wrapper\CFW1ColorRGBAInterface.cpp">
      <Filter>Source Files</Filter>
    </ClCompile>
    <ClCompile Include="sdk\rendering\font_wrapper\CFW1DWriteRenderTarget.cpp">
      <Filter>Source Files</Filter>
    </ClCompile>
    <ClCompile Include="sdk\rendering\font_wrapper\CFW1DWriteRenderTargetInterface.cpp">
      <Filter>Source Files</Filter>
    </ClCompile>
    <ClCompile Include="sdk\rendering\font_wrapper\CFW1Factory.cpp">
      <Filter>Source Files</Filter>
    </ClCompile>
    <ClCompile Include="sdk\rendering\font_wrapper\CFW1FactoryInterface.cpp">
      <Filter>Source Files</Filter>
    </ClCompile>
    <ClCompile Include="sdk\rendering\font_wrapper\CFW1FontWrapper.cpp">
      <Filter>Source Files</Filter>
    </ClCompile>
    <ClCompile Include="sdk\rendering\font_wrapper\CFW1FontWrapperInterface.cpp">
      <Filter>Source Files</Filter>
    </ClCompile>
    <ClCompile Include="sdk\rendering\font_wrapper\CFW1GlyphAtlas.cpp">
      <Filter>Source Files</Filter>
    </ClCompile>
    <ClCompile Include="sdk\rendering\font_wrapper\CFW1GlyphAtlasInterface.cpp">
      <Filter>Source Files</Filter>
    </ClCompile>
    <ClCompile Include="sdk\rendering\font_wrapper\CFW1GlyphProvider.cpp">
      <Filter>Source Files</Filter>
    </ClCompile>
    <ClCompile Include="sdk\rendering\font_wrapper\CFW1GlyphProviderInterface.cpp">
      <Filter>Source Files</Filter>
    </ClCompile>
    <ClCompile Include="sdk\rendering\font_wrapper\CFW1GlyphRenderStates.cpp">
      <Filter>Source Files</Filter>
    </ClCompile>
    <ClCompile Include="sdk\rendering\font_wrapper\CFW1GlyphRenderStatesInterface.cpp">
      <Filter>Source Files</Filter>
    </ClCompile>
    <ClCompile Include="sdk\rendering\font_wrapper\CFW1GlyphSheet.cpp">
      <Filter>Source Files</Filter>
    </ClCompile>
    <ClCompile Include="sdk\rendering\font_wrapper\CFW1GlyphSheetInterface.cpp">
      <Filter>Source Files</Filter>
    </ClCompile>
    <ClCompile Include="sdk\rendering\font_wrapper\CFW1GlyphVertexDrawer.cpp">
      <Filter>Source Files</Filter>
    </ClCompile>
    <ClCompile Include="sdk\rendering\font_wrapper\CFW1GlyphVertexDrawerInterface.cpp">
      <Filter>Source Files</Filter>
    </ClCompile>
    <ClCompile Include="sdk\rendering\font_wrapper\CFW1StateSaver.cpp">
      <Filter>Source Files</Filter>
    </ClCompile>
    <ClCompile Include="sdk\rendering\font_wrapper\CFW1TextGeometry.cpp">
      <Filter>Source Files</Filter>
    </ClCompile>
    <ClCompile Include="sdk\rendering\font_wrapper\CFW1TextGeometryInterface.cpp">
      <Filter>Source Files</Filter>
    </ClCompile>
    <ClCompile Include="sdk\rendering\font_wrapper\CFW1TextRenderer.cpp">
      <Filter>Source Files</Filter>
    </ClCompile>
    <ClCompile Include="sdk\rendering\font_wrapper\CFW1TextRendererInterface.cpp">
      <Filter>Source Files</Filter>
    </ClCompile>
    <ClCompile Include="sdk\rendering\font_wrapper\FW1FontWrapper.cpp">
      <Filter>Source Files</Filter>
    </ClCompile>
    <ClCompile Include="sdk\rendering\font_wrapper\FW1Precompiled.cpp">
      <Filter>Source Files</Filter>
    </ClCompile>
    <ClCompile Include="lib\imgui\imgui.cpp">
      <Filter>Source Files</Filter>
    </ClCompile>
    <ClCompile Include="lib\imgui\imgui_demo.cpp">
      <Filter>Source Files</Filter>
    </ClCompile>
    <ClCompile Include="lib\imgui\imgui_draw.cpp">
      <Filter>Source Files</Filter>
    </ClCompile>
    <ClCompile Include="lib\imgui\imgui_impl_dx11.cpp">
      <Filter>Source Files</Filter>
    </ClCompile>
    <ClCompile Include="sdk\rendering\menu\menu.cpp">
      <Filter>Source Files</Filter>
    </ClCompile>
    <ClCompile Include="sys\cfg.cpp">
      <Filter>Source Files</Filter>
    </ClCompile>
    <ClCompile Include="sys\visual.cpp">
      <Filter>Source Files</Filter>
    </ClCompile>
    <ClCompile Include="sys\pack_tp.cpp">
      <Filter>Source Files</Filter>
    </ClCompile>
    <ClCompile Include="fn\patches.cpp">
      <Filter>Source Files</Filter>
    </ClCompile>
    <ClCompile Include="sys\loot.cpp">
      <Filter>Source Files</Filter>
    </ClCompile>
    <ClCompile Include="sdk\rendering\menu\m_packet.cpp">
      <Filter>Source Files</Filter>
    </ClCompile>
    <ClCompile Include="sys\cursor_tp.cpp">
      <Filter>Source Files</Filter>
    </ClCompile>
    <ClCompile Include="sys\pet_boost.cpp">
      <Filter>Source Files</Filter>
    </ClCompile>
    <ClCompile Include="lib\imgui\imgui_impl_win32.cpp">
      <Filter>Source Files</Filter>
    </ClCompile>
    <ClCompile Include="lib\imgui\imgui_widgets.cpp">
      <Filter>Source Files</Filter>
    </ClCompile>
    <ClCompile Include="sys\roar_bot.cpp">
      <Filter>Source Files</Filter>
    </ClCompile>
    <ClCompile Include="sdk\util\file.cpp">
      <Filter>Source Files</Filter>
    </ClCompile>
    <ClCompile Include="sys\lua_q.cpp">
      <Filter>Source Files</Filter>
    </ClCompile>
    <ClCompile Include="core\values.cpp">
      <Filter>Source Files</Filter>
    </ClCompile>
    <ClCompile Include="sdk\rendering\shader.cpp">
      <Filter>Source Files</Filter>
    </ClCompile>
    <ClCompile Include="sys\key_q.cpp">
      <Filter>Source Files</Filter>
    </ClCompile>
    <ClCompile Include="sys\rebuff.cpp">
      <Filter>Source Files</Filter>
    </ClCompile>
    <ClCompile Include="sys\backend.cpp">
      <Filter>Source Files</Filter>
    </ClCompile>
    <ClCompile Include="lib\web\base64.cpp">
      <Filter>Source Files</Filter>
    </ClCompile>
    <ClCompile Include="lib\web\web.cpp">
      <Filter>Source Files</Filter>
    </ClCompile>
    <ClCompile Include="sys\str_enc.cpp">
      <Filter>Source Files</Filter>
    </ClCompile>
    <ClCompile Include="sys\protection.cpp">
      <Filter>Source Files</Filter>
    </ClCompile>
    <ClCompile Include="sys\legit_bot.cpp">
      <Filter>Source Files</Filter>
    </ClCompile>
    <ClCompile Include="sys\scroll_bot.cpp">
      <Filter>Source Files</Filter>
    </ClCompile>
    <ClCompile Include="sys\damage.cpp">
      <Filter>Source Files</Filter>
    </ClCompile>
    <ClCompile Include="sdk\player\dialog.cpp">
      <Filter>Source Files</Filter>
    </ClCompile>
    <ClCompile Include="sys\reconnect.cpp">
      <Filter>Source Files</Filter>
    </ClCompile>
  </ItemGroup>
  <ItemGroup>
    <ClInclude Include="core\boot.h">
      <Filter>Header Files</Filter>
    </ClInclude>
    <ClInclude Include="core\values.h">
      <Filter>Header Files</Filter>
    </ClInclude>
    <ClInclude Include="sdk\util\log.h">
      <Filter>Header Files</Filter>
    </ClInclude>
    <ClInclude Include="lib\mh\mh.h">
      <Filter>Header Files</Filter>
    </ClInclude>
    <ClInclude Include="fn\hooks.h">
      <Filter>Header Files</Filter>
    </ClInclude>
    <ClInclude Include="sdk\util\bytebuffer.h">
      <Filter>Header Files</Filter>
    </ClInclude>
    <ClInclude Include="core\workers.h">
      <Filter>Header Files</Filter>
    </ClInclude>
    <ClInclude Include="sdk\player\player.h">
      <Filter>Header Files</Filter>
    </ClInclude>
    <ClInclude Include="sdk\util\math.h">
      <Filter>Header Files</Filter>
    </ClInclude>
    <ClInclude Include="core\inc.h">
      <Filter>Header Files</Filter>
    </ClInclude>
    <ClInclude Include="sdk\engine\funcs.h">
      <Filter>Header Files</Filter>
    </ClInclude>
    <ClInclude Include="lib\d3d\d3d11.h">
      <Filter>Header Files</Filter>
    </ClInclude>
    <ClInclude Include="sdk\rendering\render.h">
      <Filter>Header Files</Filter>
    </ClInclude>
    <ClInclude Include="sdk\rendering\shader.h">
      <Filter>Header Files</Filter>
    </ClInclude>
    <ClInclude Include="sdk\rendering\font_wrapper\CFW1ColorRGBA.h">
      <Filter>Header Files</Filter>
    </ClInclude>
    <ClInclude Include="sdk\rendering\font_wrapper\CFW1DWriteRenderTarget.h">
      <Filter>Header Files</Filter>
    </ClInclude>
    <ClInclude Include="sdk\rendering\font_wrapper\CFW1Factory.h">
      <Filter>Header Files</Filter>
    </ClInclude>
    <ClInclude Include="sdk\rendering\font_wrapper\CFW1FontWrapper.h">
      <Filter>Header Files</Filter>
    </ClInclude>
    <ClInclude Include="sdk\rendering\font_wrapper\CFW1GlyphAtlas.h">
      <Filter>Header Files</Filter>
    </ClInclude>
    <ClInclude Include="sdk\rendering\font_wrapper\CFW1GlyphProvider.h">
      <Filter>Header Files</Filter>
    </ClInclude>
    <ClInclude Include="sdk\rendering\font_wrapper\CFW1GlyphRenderStates.h">
      <Filter>Header Files</Filter>
    </ClInclude>
    <ClInclude Include="sdk\rendering\font_wrapper\CFW1GlyphSheet.h">
      <Filter>Header Files</Filter>
    </ClInclude>
    <ClInclude Include="sdk\rendering\font_wrapper\CFW1GlyphVertexDrawer.h">
      <Filter>Header Files</Filter>
    </ClInclude>
    <ClInclude Include="sdk\rendering\font_wrapper\CFW1Object.h">
      <Filter>Header Files</Filter>
    </ClInclude>
    <ClInclude Include="sdk\rendering\font_wrapper\CFW1StateSaver.h">
      <Filter>Header Files</Filter>
    </ClInclude>
    <ClInclude Include="sdk\rendering\font_wrapper\CFW1TextGeometry.h">
      <Filter>Header Files</Filter>
    </ClInclude>
    <ClInclude Include="sdk\rendering\font_wrapper\CFW1TextRenderer.h">
      <Filter>Header Files</Filter>
    </ClInclude>
    <ClInclude Include="sdk\rendering\font_wrapper\FW1CompileSettings.h">
      <Filter>Header Files</Filter>
    </ClInclude>
    <ClInclude Include="sdk\rendering\font_wrapper\FW1FontWrapper.h">
      <Filter>Header Files</Filter>
    </ClInclude>
    <ClInclude Include="sdk\rendering\font_wrapper\FW1Precompiled.h">
      <Filter>Header Files</Filter>
    </ClInclude>
    <ClInclude Include="sdk\rendering\fx\d3dx11effect.h">
      <Filter>Header Files</Filter>
    </ClInclude>
    <ClInclude Include="sdk\rendering\fx\d3dxGlobal.h">
      <Filter>Header Files</Filter>
    </ClInclude>
    <ClInclude Include="lib\imgui\imconfig.h">
      <Filter>Header Files</Filter>
    </ClInclude>
    <ClInclude Include="lib\imgui\imgui.h">
      <Filter>Header Files</Filter>
    </ClInclude>
    <ClInclude Include="lib\imgui\imgui_impl_dx11.h">
      <Filter>Header Files</Filter>
    </ClInclude>
    <ClInclude Include="lib\imgui\imgui_internal.h">
      <Filter>Header Files</Filter>
    </ClInclude>
    <ClInclude Include="lib\imgui\stb_rect_pack.h">
      <Filter>Header Files</Filter>
    </ClInclude>
    <ClInclude Include="lib\imgui\stb_textedit.h">
      <Filter>Header Files</Filter>
    </ClInclude>
    <ClInclude Include="lib\imgui\stb_truetype.h">
      <Filter>Header Files</Filter>
    </ClInclude>
    <ClInclude Include="sdk\rendering\menu\menu.h">
      <Filter>Header Files</Filter>
    </ClInclude>
    <ClInclude Include="sys\cfg.h">
      <Filter>Header Files</Filter>
    </ClInclude>
    <ClInclude Include="sys\visual.h">
      <Filter>Header Files</Filter>
    </ClInclude>
    <ClInclude Include="sys\pack_tp.h">
      <Filter>Header Files</Filter>
    </ClInclude>
    <ClInclude Include="fn\patches.h">
      <Filter>Header Files</Filter>
    </ClInclude>
    <ClInclude Include="sys\loot.h">
      <Filter>Header Files</Filter>
    </ClInclude>
    <ClInclude Include="sdk\rendering\menu\m_packet.h">
      <Filter>Header Files</Filter>
    </ClInclude>
    <ClInclude Include="sys\cursor_tp.h">
      <Filter>Header Files</Filter>
    </ClInclude>
    <ClInclude Include="sys\pet_boost.h">
      <Filter>Header Files</Filter>
    </ClInclude>
    <ClInclude Include="lib\imgui\imgui_impl_win32.h">
      <Filter>Header Files</Filter>
    </ClInclude>
    <ClInclude Include="lib\imgui\imstb_rectpack.h">
      <Filter>Header Files</Filter>
    </ClInclude>
    <ClInclude Include="lib\imgui\imstb_textedit.h">
      <Filter>Header Files</Filter>
    </ClInclude>
    <ClInclude Include="lib\imgui\imstb_truetype.h">
      <Filter>Header Files</Filter>
    </ClInclude>
    <ClInclude Include="sys\roar_bot.h">
      <Filter>Header Files</Filter>
    </ClInclude>
    <ClInclude Include="lib\win\dirent.h">
      <Filter>Header Files</Filter>
    </ClInclude>
    <ClInclude Include="sdk\util\file.h">
      <Filter>Header Files</Filter>
    </ClInclude>
    <ClInclude Include="sys\lua_q.h">
      <Filter>Header Files</Filter>
    </ClInclude>
    <ClInclude Include="sys\key_q.h">
      <Filter>Header Files</Filter>
    </ClInclude>
    <ClInclude Include="lib\themida\ThemidaSDK.h">
      <Filter>Header Files</Filter>
    </ClInclude>
    <ClInclude Include="lib\themida\SecureEngineCustomVMs.h">
      <Filter>Header Files</Filter>
    </ClInclude>
    <ClInclude Include="lib\themida\SecureEngineCustomVMs_BorlandC_inline.h">
      <Filter>Header Files</Filter>
    </ClInclude>
    <ClInclude Include="lib\themida\SecureEngineCustomVMs_GNU_inline.h">
      <Filter>Header Files</Filter>
    </ClInclude>
    <ClInclude Include="lib\themida\SecureEngineCustomVMs_ICL_inline.h">
      <Filter>Header Files</Filter>
    </ClInclude>
    <ClInclude Include="lib\themida\SecureEngineCustomVMs_LCC_inline.h">
      <Filter>Header Files</Filter>
    </ClInclude>
    <ClInclude Include="lib\themida\SecureEngineCustomVMs_VC_inline.h">
      <Filter>Header Files</Filter>
    </ClInclude>
    <ClInclude Include="sys\rebuff.h">
      <Filter>Header Files</Filter>
    </ClInclude>
    <ClInclude Include="sys\backend.h">
      <Filter>Header Files</Filter>
    </ClInclude>
    <ClInclude Include="lib\web\base64.h">
      <Filter>Header Files</Filter>
    </ClInclude>
    <ClInclude Include="lib\web\web.h">
      <Filter>Header Files</Filter>
    </ClInclude>
    <ClInclude Include="sys\str_enc.h">
      <Filter>Header Files</Filter>
    </ClInclude>
    <ClInclude Include="sys\protection.h">
      <Filter>Header Files</Filter>
    </ClInclude>
    <ClInclude Include="sys\legit_bot.h">
      <Filter>Header Files</Filter>
    </ClInclude>
    <ClInclude Include="sys\scroll_bot.h">
      <Filter>Header Files</Filter>
    </ClInclude>
    <ClInclude Include="sys\damage.h">
      <Filter>Header Files</Filter>
    </ClInclude>
    <ClInclude Include="sdk\player\dialog.h">
      <Filter>Header Files</Filter>
    </ClInclude>
    <ClInclude Include="sys\reconnect.h">
      <Filter>Header Files</Filter>
    </ClInclude>
  </ItemGroup>
  <ItemGroup>
    <Library Include="lib\mh\mh_lib.lib" />
    <Library Include="sdk\rendering\fx\Effects11.lib" />
    <Library Include="lib\themida\SecureEngineSDK32.lib" />
    <Library Include="lib\themida\SecureEngineSDK64.lib" />
  </ItemGroup>
  <ItemGroup>
    <None Include="lib\themida\SecureEngineSDK32.dll" />
    <None Include="lib\themida\SecureEngineSDK64.dll" />
  </ItemGroup>
</Project>