
Microsoft Visual Studio Solution File, Format Version 12.00
# Visual Studio Version 16
VisualStudioVersion = 16.0.30204.135
MinimumVisualStudioVersion = 10.0.40219.1
Project("{8BC9CEB8-8B4A-11D0-8D11-00A0C91BC942}") = "Loader", "Loader\Loader.vcxproj", "{FAEC901A-AF38-4E88-A744-BAD13B4C049B}"
EndProject
Global
	GlobalSection(SolutionConfigurationPlatforms) = preSolution
		Debug|x64 = Debug|x64
		Debug|x86 = Debug|x86
		Release|x64 = Release|x64
		Release|x86 = Release|x86
	EndGlobalSection
	GlobalSection(ProjectConfigurationPlatforms) = postSolution
		{FAEC901A-AF38-4E88-A744-BAD13B4C049B}.Debug|x64.ActiveCfg = Debug|x64
		{FAEC901A-AF38-4E88-A744-BAD13B4C049B}.Debug|x64.Build.0 = Debug|x64
		{FAEC901A-AF38-4E88-A744-BAD13B4C049B}.Debug|x86.ActiveCfg = Debug|Win32
		{FAEC901A-AF38-4E88-A744-BAD13B4C049B}.Debug|x86.Build.0 = Debug|Win32
		{FAEC901A-AF38-4E88-A744-BAD13B4C049B}.Release|x64.ActiveCfg = Release|x64
		{FAEC901A-AF38-4E88-A744-BAD13B4C049B}.Release|x64.Build.0 = Release|x64
		{FAEC901A-AF38-4E88-A744-BAD13B4C049B}.Release|x86.ActiveCfg = Release|Win32
		{FAEC901A-AF38-4E88-A744-BAD13B4C049B}.Release|x86.Build.0 = Release|Win32
	EndGlobalSection
	GlobalSection(SolutionProperties) = preSolution
		HideSolutionNode = FALSE
	EndGlobalSection
	GlobalSection(ExtensibilityGlobals) = postSolution
		SolutionGuid = {27F8E3F0-BED6-42C5-ADB9-A3AC7E80D33F}
	EndGlobalSection
EndGlobal
